
Microsoft Visual Studio Solution File, Format Version 12.00
# Visual Studio Version 17
VisualStudioVersion = 17.0.31903.59
MinimumVisualStudioVersion = 10.0.40219.1
Project("{9A19103F-16F7-4668-BE54-9A1E7A4F7556}") = "exercise.wwwapi", "exercise.wwwapi\exercise.wwwapi.csproj", "{26A7F824-AB81-4385-9381-F4D97C81A620}"
EndProject
Project("{9A19103F-16F7-4668-BE54-9A1E7A4F7556}") = "exercise.tests", "exercise.tests\exercise.tests.csproj", "{482839AA-E188-4B1F-A1BC-A14DCDF841A2}"
EndProject
Project("{2150E333-8FDC-42A3-9474-1A3956D46DE8}") = "Solution Items", "Solution Items", "{BF2D0455-525E-4C35-9F55-63F1FBD16615}"
	ProjectSection(SolutionItems) = preProject
		.gitignore = .gitignore
		README.md = README.md
	EndProjectSection
EndProject
Global
	GlobalSection(SolutionConfigurationPlatforms) = preSolution
		Debug|Any CPU = Debug|Any CPU
		Release|Any CPU = Release|Any CPU
	EndGlobalSection
	GlobalSection(ProjectConfigurationPlatforms) = postSolution
		{26A7F824-AB81-4385-9381-F4D97C81A620}.Debug|Any CPU.ActiveCfg = Debug|Any CPU
		{26A7F824-AB81-4385-9381-F4D97C81A620}.Debug|Any CPU.Build.0 = Debug|Any CPU
		{26A7F824-AB81-4385-9381-F4D97C81A620}.Release|Any CPU.ActiveCfg = Release|Any CPU
		{26A7F824-AB81-4385-9381-F4D97C81A620}.Release|Any CPU.Build.0 = Release|Any CPU
		{482839AA-E188-4B1F-A1BC-A14DCDF841A2}.Debug|Any CPU.ActiveCfg = Debug|Any CPU
		{482839AA-E188-4B1F-A1BC-A14DCDF841A2}.Debug|Any CPU.Build.0 = Debug|Any CPU
		{482839AA-E188-4B1F-A1BC-A14DCDF841A2}.Release|Any CPU.ActiveCfg = Release|Any CPU
		{482839AA-E188-4B1F-A1BC-A14DCDF841A2}.Release|Any CPU.Build.0 = Release|Any CPU
	EndGlobalSection
	GlobalSection(SolutionProperties) = preSolution
		HideSolutionNode = FALSE
	EndGlobalSection
EndGlobal
